
Microsoft Visual Studio Solution File, Format Version 12.00
# Visual Studio 15
VisualStudioVersion = 15.0.28307.1300
MinimumVisualStudioVersion = 10.0.40219.1
Project("{E24C65DC-7377-472B-9ABA-BC803B73C61A}") = "WebSite3", "WebSite3\", "{9F89862D-A2CF-4E62-B95F-3AEBE8A43608}"
	ProjectSection(WebsiteProperties) = preProject
		TargetFrameworkMoniker = ".NETFramework,Version%3Dv4.6.1"
		Debug.AspNetCompiler.VirtualPath = "/localhost_1112"
		Debug.AspNetCompiler.PhysicalPath = "WebSite3\"
		Debug.AspNetCompiler.TargetPath = "PrecompiledWeb\localhost_1112\"
		Debug.AspNetCompiler.Updateable = "true"
		Debug.AspNetCompiler.ForceOverwrite = "true"
		Debug.AspNetCompiler.FixedNames = "false"
		Debug.AspNetCompiler.Debug = "True"
		Release.AspNetCompiler.VirtualPath = "/localhost_1112"
		Release.AspNetCompiler.PhysicalPath = "WebSite3\"
		Release.AspNetCompiler.TargetPath = "PrecompiledWeb\localhost_1112\"
		Release.AspNetCompiler.Updateable = "true"
		Release.AspNetCompiler.ForceOverwrite = "true"
		Release.AspNetCompiler.FixedNames = "false"
		Release.AspNetCompiler.Debug = "False"
		VWDPort = "1112"
		SlnRelativePath = "WebSite3\"
		DefaultWebSiteLanguage = "Visual C#"
	EndProjectSection
EndProject
Global
	GlobalSection(SolutionConfigurationPlatforms) = preSolution
		Debug|Any CPU = Debug|Any CPU
	EndGlobalSection
	GlobalSection(ProjectConfigurationPlatforms) = postSolution
		{9F89862D-A2CF-4E62-B95F-3AEBE8A43608}.Debug|Any CPU.ActiveCfg = Debug|Any CPU
		{9F89862D-A2CF-4E62-B95F-3AEBE8A43608}.Debug|Any CPU.Build.0 = Debug|Any CPU
	EndGlobalSection
	GlobalSection(SolutionProperties) = preSolution
		HideSolutionNode = FALSE
	EndGlobalSection
	GlobalSection(ExtensibilityGlobals) = postSolution
		SolutionGuid = {D6B64356-9996-47C2-88A9-A47BB7232FC7}
	EndGlobalSection
EndGlobal
